// !$*UTF8*$!
{
	archiveVersion = 1;
	classes = {
	};
	objectVersion = 55;
	objects = {

/* Begin PBXBuildFile section */
		637F7F3A283A4D5500FD1420 /* AppDelegate.swift in Sources */ = {isa = PBXBuildFile; fileRef = 637F7F39283A4D5500FD1420 /* AppDelegate.swift */; };
		637F7F43283A4D5500FD1420 /* Assets.xcassets in Resources */ = {isa = PBXBuildFile; fileRef = 637F7F42283A4D5500FD1420 /* Assets.xcassets */; };
		637F7F51283A4D7E00FD1420 /* Extension+TextField.swift in Sources */ = {isa = PBXBuildFile; fileRef = 637F7F4D283A4D7E00FD1420 /* Extension+TextField.swift */; };
		637F7F52283A4D7E00FD1420 /* LoginVC.swift in Sources */ = {isa = PBXBuildFile; fileRef = 637F7F4E283A4D7E00FD1420 /* LoginVC.swift */; };
		637F7F53283A4D7E00FD1420 /* Extension+UIView.swift in Sources */ = {isa = PBXBuildFile; fileRef = 637F7F4F283A4D7E00FD1420 /* Extension+UIView.swift */; };
		637F7F54283A4D7E00FD1420 /* RegisterVC.swift in Sources */ = {isa = PBXBuildFile; fileRef = 637F7F50283A4D7E00FD1420 /* RegisterVC.swift */; };
		637F7F57283A4DA700FD1420 /* SceneDelegate.swift in Sources */ = {isa = PBXBuildFile; fileRef = 637F7F56283A4DA700FD1420 /* SceneDelegate.swift */; };
		637F7F5D283A503200FD1420 /* Extension+ActivityIndicator.swift in Sources */ = {isa = PBXBuildFile; fileRef = 637F7F5C283A503200FD1420 /* Extension+ActivityIndicator.swift */; };
		637F7F5F283A626600FD1420 /* GoogleService-Info.plist in Resources */ = {isa = PBXBuildFile; fileRef = 637F7F5E283A626600FD1420 /* GoogleService-Info.plist */; };
		637F7F61283A67FC00FD1420 /* Extension+UIAlert.swift in Sources */ = {isa = PBXBuildFile; fileRef = 637F7F60283A67FC00FD1420 /* Extension+UIAlert.swift */; };
		637F7F63283A6F8800FD1420 /* HomeVC.swift in Sources */ = {isa = PBXBuildFile; fileRef = 637F7F62283A6F8800FD1420 /* HomeVC.swift */; };
		FEC279080B472E2997328DA2 /* Pods_LoginRegister.framework in Frameworks */ = {isa = PBXBuildFile; fileRef = 0684B2E8A9F36A3B13F3B2A1 /* Pods_LoginRegister.framework */; };
/* End PBXBuildFile section */

/* Begin PBXFileReference section */
		0684B2E8A9F36A3B13F3B2A1 /* Pods_LoginRegister.framework */ = {isa = PBXFileReference; explicitFileType = wrapper.framework; includeInIndex = 0; path = Pods_LoginRegister.framework; sourceTree = BUILT_PRODUCTS_DIR; };
		20EAC6076E3169DE8C2F0B63 /* Pods-LoginRegister.debug.xcconfig */ = {isa = PBXFileReference; includeInIndex = 1; lastKnownFileType = text.xcconfig; name = "Pods-LoginRegister.debug.xcconfig"; path = "Target Support Files/Pods-LoginRegister/Pods-LoginRegister.debug.xcconfig"; sourceTree = "<group>"; };
		637F7F36283A4D5500FD1420 /* LoginRegister.app */ = {isa = PBXFileReference; explicitFileType = wrapper.application; includeInIndex = 0; path = LoginRegister.app; sourceTree = BUILT_PRODUCTS_DIR; };
		637F7F39283A4D5500FD1420 /* AppDelegate.swift */ = {isa = PBXFileReference; lastKnownFileType = sourcecode.swift; path = AppDelegate.swift; sourceTree = "<group>"; };
		637F7F42283A4D5500FD1420 /* Assets.xcassets */ = {isa = PBXFileReference; lastKnownFileType = folder.assetcatalog; path = Assets.xcassets; sourceTree = "<group>"; };
		637F7F47283A4D5500FD1420 /* Info.plist */ = {isa = PBXFileReference; lastKnownFileType = text.plist.xml; path = Info.plist; sourceTree = "<group>"; };
		637F7F4D283A4D7E00FD1420 /* Extension+TextField.swift */ = {isa = PBXFileReference; fileEncoding = 4; lastKnownFileType = sourcecode.swift; path = "Extension+TextField.swift"; sourceTree = "<group>"; };
		637F7F4E283A4D7E00FD1420 /* LoginVC.swift */ = {isa = PBXFileReference; fileEncoding = 4; lastKnownFileType = sourcecode.swift; path = LoginVC.swift; sourceTree = "<group>"; };
		637F7F4F283A4D7E00FD1420 /* Extension+UIView.swift */ = {isa = PBXFileReference; fileEncoding = 4; lastKnownFileType = sourcecode.swift; path = "Extension+UIView.swift"; sourceTree = "<group>"; };
		637F7F50283A4D7E00FD1420 /* RegisterVC.swift */ = {isa = PBXFileReference; fileEncoding = 4; lastKnownFileType = sourcecode.swift; path = RegisterVC.swift; sourceTree = "<group>"; };
		637F7F56283A4DA700FD1420 /* SceneDelegate.swift */ = {isa = PBXFileReference; fileEncoding = 4; lastKnownFileType = sourcecode.swift; path = SceneDelegate.swift; sourceTree = "<group>"; };
		637F7F5C283A503200FD1420 /* Extension+ActivityIndicator.swift */ = {isa = PBXFileReference; lastKnownFileType = sourcecode.swift; path = "Extension+ActivityIndicator.swift"; sourceTree = "<group>"; };
		637F7F5E283A626600FD1420 /* GoogleService-Info.plist */ = {isa = PBXFileReference; fileEncoding = 4; lastKnownFileType = text.plist.xml; path = "GoogleService-Info.plist"; sourceTree = "<group>"; };
		637F7F60283A67FC00FD1420 /* Extension+UIAlert.swift */ = {isa = PBXFileReference; lastKnownFileType = sourcecode.swift; path = "Extension+UIAlert.swift"; sourceTree = "<group>"; };
		637F7F62283A6F8800FD1420 /* HomeVC.swift */ = {isa = PBXFileReference; lastKnownFileType = sourcecode.swift; path = HomeVC.swift; sourceTree = "<group>"; };
		FFBF10C40265B5946AC6DEA3 /* Pods-LoginRegister.release.xcconfig */ = {isa = PBXFileReference; includeInIndex = 1; lastKnownFileType = text.xcconfig; name = "Pods-LoginRegister.release.xcconfig"; path = "Target Support Files/Pods-LoginRegister/Pods-LoginRegister.release.xcconfig"; sourceTree = "<group>"; };
/* End PBXFileReference section */

/* Begin PBXFrameworksBuildPhase section */
		637F7F33283A4D5500FD1420 /* Frameworks */ = {
			isa = PBXFrameworksBuildPhase;
			buildActionMask = 2147483647;
			files = (
				FEC279080B472E2997328DA2 /* Pods_LoginRegister.framework in Frameworks */,
			);
			runOnlyForDeploymentPostprocessing = 0;
		};
/* End PBXFrameworksBuildPhase section */

/* Begin PBXGroup section */
		514464AF8F46CBAEDD452F49 /* Pods */ = {
			isa = PBXGroup;
			children = (
				20EAC6076E3169DE8C2F0B63 /* Pods-LoginRegister.debug.xcconfig */,
				FFBF10C40265B5946AC6DEA3 /* Pods-LoginRegister.release.xcconfig */,
			);
			path = Pods;
			sourceTree = "<group>";
		};
		637F7F2D283A4D5500FD1420 = {
			isa = PBXGroup;
			children = (
				637F7F38283A4D5500FD1420 /* LoginRegister */,
				637F7F37283A4D5500FD1420 /* Products */,
				514464AF8F46CBAEDD452F49 /* Pods */,
				C4A0879E88A006BE01157FCF /* Frameworks */,
			);
			sourceTree = "<group>";
		};
		637F7F37283A4D5500FD1420 /* Products */ = {
			isa = PBXGroup;
			children = (
				637F7F36283A4D5500FD1420 /* LoginRegister.app */,
			);
			name = Products;
			sourceTree = "<group>";
		};
		637F7F38283A4D5500FD1420 /* LoginRegister */ = {
			isa = PBXGroup;
			children = (
				637F7F5E283A626600FD1420 /* GoogleService-Info.plist */,
				637F7F59283A4DD300FD1420 /* Controllers */,
				637F7F58283A4DB000FD1420 /* Extensions */,
				637F7F55283A4D8900FD1420 /* Resources */,
			);
			path = LoginRegister;
			sourceTree = "<group>";
		};
		637F7F55283A4D8900FD1420 /* Resources */ = {
			isa = PBXGroup;
			children = (
				637F7F39283A4D5500FD1420 /* AppDelegate.swift */,
				637F7F56283A4DA700FD1420 /* SceneDelegate.swift */,
				637F7F42283A4D5500FD1420 /* Assets.xcassets */,
				637F7F47283A4D5500FD1420 /* Info.plist */,
			);
			path = Resources;
			sourceTree = "<group>";
		};
		637F7F58283A4DB000FD1420 /* Extensions */ = {
			isa = PBXGroup;
			children = (
				637F7F4D283A4D7E00FD1420 /* Extension+TextField.swift */,
				637F7F4F283A4D7E00FD1420 /* Extension+UIView.swift */,
				637F7F5C283A503200FD1420 /* Extension+ActivityIndicator.swift */,
				637F7F60283A67FC00FD1420 /* Extension+UIAlert.swift */,
			);
			path = Extensions;
			sourceTree = "<group>";
		};
		637F7F59283A4DD300FD1420 /* Controllers */ = {
			isa = PBXGroup;
			children = (
				637F7F62283A6F8800FD1420 /* HomeVC.swift */,
				637F7F5B283A4DE600FD1420 /* Register */,
				637F7F5A283A4DDF00FD1420 /* Login */,
			);
			path = Controllers;
			sourceTree = "<group>";
		};
		637F7F5A283A4DDF00FD1420 /* Login */ = {
			isa = PBXGroup;
			children = (
				637F7F4E283A4D7E00FD1420 /* LoginVC.swift */,
			);
			path = Login;
			sourceTree = "<group>";
		};
		637F7F5B283A4DE600FD1420 /* Register */ = {
			isa = PBXGroup;
			children = (
				637F7F50283A4D7E00FD1420 /* RegisterVC.swift */,
			);
			path = Register;
			sourceTree = "<group>";
		};
		C4A0879E88A006BE01157FCF /* Frameworks */ = {
			isa = PBXGroup;
			children = (
				0684B2E8A9F36A3B13F3B2A1 /* Pods_LoginRegister.framework */,
			);
			name = Frameworks;
			sourceTree = "<group>";
		};
/* End PBXGroup section */

/* Begin PBXNativeTarget section */
		637F7F35283A4D5500FD1420 /* LoginRegister */ = {
			isa = PBXNativeTarget;
			buildConfigurationList = 637F7F4A283A4D5500FD1420 /* Build configuration list for PBXNativeTarget "LoginRegister" */;
			buildPhases = (
				10886DFD8D47436D397355AE /* [CP] Check Pods Manifest.lock */,
				637F7F32283A4D5500FD1420 /* Sources */,
				637F7F33283A4D5500FD1420 /* Frameworks */,
				637F7F34283A4D5500FD1420 /* Resources */,
				64A25657A258A64584D89495 /* [CP] Embed Pods Frameworks */,
			);
			buildRules = (
			);
			dependencies = (
			);
			name = LoginRegister;
			productName = LoginRegister;
			productReference = 637F7F36283A4D5500FD1420 /* LoginRegister.app */;
			productType = "com.apple.product-type.application";
		};
/* End PBXNativeTarget section */

/* Begin PBXProject section */
		637F7F2E283A4D5500FD1420 /* Project object */ = {
			isa = PBXProject;
			attributes = {
				BuildIndependentTargetsInParallel = 1;
				LastSwiftUpdateCheck = 1320;
				LastUpgradeCheck = 1320;
				TargetAttributes = {
					637F7F35283A4D5500FD1420 = {
						CreatedOnToolsVersion = 13.2.1;
					};
				};
			};
			buildConfigurationList = 637F7F31283A4D5500FD1420 /* Build configuration list for PBXProject "LoginRegister" */;
			compatibilityVersion = "Xcode 13.0";
			developmentRegion = en;
			hasScannedForEncodings = 0;
			knownRegions = (
				en,
				Base,
			);
			mainGroup = 637F7F2D283A4D5500FD1420;
			productRefGroup = 637F7F37283A4D5500FD1420 /* Products */;
			projectDirPath = "";
			projectRoot = "";
			targets = (
				637F7F35283A4D5500FD1420 /* LoginRegister */,
			);
		};
/* End PBXProject section */

/* Begin PBXResourcesBuildPhase section */
		637F7F34283A4D5500FD1420 /* Resources */ = {
			isa = PBXResourcesBuildPhase;
			buildActionMask = 2147483647;
			files = (
				637F7F43283A4D5500FD1420 /* Assets.xcassets in Resources */,
				637F7F5F283A626600FD1420 /* GoogleService-Info.plist in Resources */,
			);
			runOnlyForDeploymentPostprocessing = 0;
		};
/* End PBXResourcesBuildPhase section */

/* Begin PBXShellScriptBuildPhase section */
		10886DFD8D47436D397355AE /* [CP] Check Pods Manifest.lock */ = {
			isa = PBXShellScriptBuildPhase;
			buildActionMask = 2147483647;
			files = (
			);
			inputFileListPaths = (
			);
			inputPaths = (
				"${PODS_PODFILE_DIR_PATH}/Podfile.lock",
				"${PODS_ROOT}/Manifest.lock",
			);
			name = "[CP] Check Pods Manifest.lock";
			outputFileListPaths = (
			);
			outputPaths = (
				"$(DERIVED_FILE_DIR)/Pods-LoginRegister-checkManifestLockResult.txt",
			);
			runOnlyForDeploymentPostprocessing = 0;
			shellPath = /bin/sh;
			shellScript = "diff \"${PODS_PODFILE_DIR_PATH}/Podfile.lock\" \"${PODS_ROOT}/Manifest.lock\" > /dev/null\nif [ $? != 0 ] ; then\n    # print error to STDERR\n    echo \"error: The sandbox is not in sync with the Podfile.lock. Run 'pod install' or update your CocoaPods installation.\" >&2\n    exit 1\nfi\n# This output is used by Xcode 'outputs' to avoid re-running this script phase.\necho \"SUCCESS\" > \"${SCRIPT_OUTPUT_FILE_0}\"\n";
			showEnvVarsInLog = 0;
		};
		64A25657A258A64584D89495 /* [CP] Embed Pods Frameworks */ = {
			isa = PBXShellScriptBuildPhase;
			buildActionMask = 2147483647;
			files = (
			);
			inputFileListPaths = (
				"${PODS_ROOT}/Target Support Files/Pods-LoginRegister/Pods-LoginRegister-frameworks-${CONFIGURATION}-input-files.xcfilelist",
			);
			name = "[CP] Embed Pods Frameworks";
			outputFileListPaths = (
				"${PODS_ROOT}/Target Support Files/Pods-LoginRegister/Pods-LoginRegister-frameworks-${CONFIGURATION}-output-files.xcfilelist",
			);
			runOnlyForDeploymentPostprocessing = 0;
			shellPath = /bin/sh;
			shellScript = "\"${PODS_ROOT}/Target Support Files/Pods-LoginRegister/Pods-LoginRegister-frameworks.sh\"\n";
			showEnvVarsInLog = 0;
		};
/* End PBXShellScriptBuildPhase section */

/* Begin PBXSourcesBuildPhase section */
		637F7F32283A4D5500FD1420 /* Sources */ = {
			isa = PBXSourcesBuildPhase;
			buildActionMask = 2147483647;
			files = (
				637F7F51283A4D7E00FD1420 /* Extension+TextField.swift in Sources */,
				637F7F53283A4D7E00FD1420 /* Extension+UIView.swift in Sources */,
				637F7F3A283A4D5500FD1420 /* AppDelegate.swift in Sources */,
				637F7F63283A6F8800FD1420 /* HomeVC.swift in Sources */,
				637F7F54283A4D7E00FD1420 /* RegisterVC.swift in Sources */,
				637F7F52283A4D7E00FD1420 /* LoginVC.swift in Sources */,
				637F7F61283A67FC00FD1420 /* Extension+UIAlert.swift in Sources */,
				637F7F5D283A503200FD1420 /* Extension+ActivityIndicator.swift in Sources */,
				637F7F57283A4DA700FD1420 /* SceneDelegate.swift in Sources */,
			);
			runOnlyForDeploymentPostprocessing = 0;
		};
/* End PBXSourcesBuildPhase section */

/* Begin XCBuildConfiguration section */
		637F7F48283A4D5500FD1420 /* Debug */ = {
			isa = XCBuildConfiguration;
			buildSettings = {
				ALWAYS_SEARCH_USER_PATHS = NO;
				CLANG_ANALYZER_NONNULL = YES;
				CLANG_ANALYZER_NUMBER_OBJECT_CONVERSION = YES_AGGRESSIVE;
				CLANG_CXX_LANGUAGE_STANDARD = "gnu++17";
				CLANG_CXX_LIBRARY = "libc++";
				CLANG_ENABLE_MODULES = YES;
				CLANG_ENABLE_OBJC_ARC = YES;
				CLANG_ENABLE_OBJC_WEAK = YES;
				CLANG_WARN_BLOCK_CAPTURE_AUTORELEASING = YES;
				CLANG_WARN_BOOL_CONVERSION = YES;
				CLANG_WARN_COMMA = YES;
				CLANG_WARN_CONSTANT_CONVERSION = YES;
				CLANG_WARN_DEPRECATED_OBJC_IMPLEMENTATIONS = YES;
				CLANG_WARN_DIRECT_OBJC_ISA_USAGE = YES_ERROR;
				CLANG_WARN_DOCUMENTATION_COMMENTS = YES;
				CLANG_WARN_EMPTY_BODY = YES;
				CLANG_WARN_ENUM_CONVERSION = YES;
				CLANG_WARN_INFINITE_RECURSION = YES;
				CLANG_WARN_INT_CONVERSION = YES;
				CLANG_WARN_NON_LITERAL_NULL_CONVERSION = YES;
				CLANG_WARN_OBJC_IMPLICIT_RETAIN_SELF = YES;
				CLANG_WARN_OBJC_LITERAL_CONVERSION = YES;
				CLANG_WARN_OBJC_ROOT_CLASS = YES_ERROR;
				CLANG_WARN_QUOTED_INCLUDE_IN_FRAMEWORK_HEADER = YES;
				CLANG_WARN_RANGE_LOOP_ANALYSIS = YES;
				CLANG_WARN_STRICT_PROTOTYPES = YES;
				CLANG_WARN_SUSPICIOUS_MOVE = YES;
				CLANG_WARN_UNGUARDED_AVAILABILITY = YES_AGGRESSIVE;
				CLANG_WARN_UNREACHABLE_CODE = YES;
				CLANG_WARN__DUPLICATE_METHOD_MATCH = YES;
				COPY_PHASE_STRIP = NO;
				DEBUG_INFORMATION_FORMAT = dwarf;
				ENABLE_STRICT_OBJC_MSGSEND = YES;
				ENABLE_TESTABILITY = YES;
				GCC_C_LANGUAGE_STANDARD = gnu11;
				GCC_DYNAMIC_NO_PIC = NO;
				GCC_NO_COMMON_BLOCKS = YES;
				GCC_OPTIMIZATION_LEVEL = 0;
				GCC_PREPROCESSOR_DEFINITIONS = (
					"DEBUG=1",
					"$(inherited)",
				);
				GCC_WARN_64_TO_32_BIT_CONVERSION = YES;
				GCC_WARN_ABOUT_RETURN_TYPE = YES_ERROR;
				GCC_WARN_UNDECLARED_SELECTOR = YES;
				GCC_WARN_UNINITIALIZED_AUTOS = YES_AGGRESSIVE;
				GCC_WARN_UNUSED_FUNCTION = YES;
				GCC_WARN_UNUSED_VARIABLE = YES;
				IPHONEOS_DEPLOYMENT_TARGET = 15.2;
				MTL_ENABLE_DEBUG_INFO = INCLUDE_SOURCE;
				MTL_FAST_MATH = YES;
				ONLY_ACTIVE_ARCH = YES;
				SDKROOT = iphoneos;
				SWIFT_ACTIVE_COMPILATION_CONDITIONS = DEBUG;
				SWIFT_OPTIMIZATION_LEVEL = "-Onone";
			};
			name = Debug;
		};
		637F7F49283A4D5500FD1420 /* Release */ = {
			isa = XCBuildConfiguration;
			buildSettings = {
				ALWAYS_SEARCH_USER_PATHS = NO;
				CLANG_ANALYZER_NONNULL = YES;
				CLANG_ANALYZER_NUMBER_OBJECT_CONVERSION = YES_AGGRESSIVE;
				CLANG_CXX_LANGUAGE_STANDARD = "gnu++17";
				CLANG_CXX_LIBRARY = "libc++";
				CLANG_ENABLE_MODULES = YES;
				CLANG_ENABLE_OBJC_ARC = YES;
				CLANG_ENABLE_OBJC_WEAK = YES;
				CLANG_WARN_BLOCK_CAPTURE_AUTORELEASING = YES;
				CLANG_WARN_BOOL_CONVERSION = YES;
				CLANG_WARN_COMMA = YES;
				CLANG_WARN_CONSTANT_CONVERSION = YES;
				CLANG_WARN_DEPRECATED_OBJC_IMPLEMENTATIONS = YES;
				CLANG_WARN_DIRECT_OBJC_ISA_USAGE = YES_ERROR;
				CLANG_WARN_DOCUMENTATION_COMMENTS = YES;
				CLANG_WARN_EMPTY_BODY = YES;
				CLANG_WARN_ENUM_CONVERSION = YES;
				CLANG_WARN_INFINITE_RECURSION = YES;
				CLANG_WARN_INT_CONVERSION = YES;
				CLANG_WARN_NON_LITERAL_NULL_CONVERSION = YES;
				CLANG_WARN_OBJC_IMPLICIT_RETAIN_SELF = YES;
				CLANG_WARN_OBJC_LITERAL_CONVERSION = YES;
				CLANG_WARN_OBJC_ROOT_CLASS = YES_ERROR;
				CLANG_WARN_QUOTED_INCLUDE_IN_FRAMEWORK_HEADER = YES;
				CLANG_WARN_RANGE_LOOP_ANALYSIS = YES;
				CLANG_WARN_STRICT_PROTOTYPES = YES;
				CLANG_WARN_SUSPICIOUS_MOVE = YES;
				CLANG_WARN_UNGUARDED_AVAILABILITY = YES_AGGRESSIVE;
				CLANG_WARN_UNREACHABLE_CODE = YES;
				CLANG_WARN__DUPLICATE_METHOD_MATCH = YES;
				COPY_PHASE_STRIP = NO;
				DEBUG_INFORMATION_FORMAT = "dwarf-with-dsym";
				ENABLE_NS_ASSERTIONS = NO;
				ENABLE_STRICT_OBJC_MSGSEND = YES;
				GCC_C_LANGUAGE_STANDARD = gnu11;
				GCC_NO_COMMON_BLOCKS = YES;
				GCC_WARN_64_TO_32_BIT_CONVERSION = YES;
				GCC_WARN_ABOUT_RETURN_TYPE = YES_ERROR;
				GCC_WARN_UNDECLARED_SELECTOR = YES;
				GCC_WARN_UNINITIALIZED_AUTOS = YES_AGGRESSIVE;
				GCC_WARN_UNUSED_FUNCTION = YES;
				GCC_WARN_UNUSED_VARIABLE = YES;
				IPHONEOS_DEPLOYMENT_TARGET = 15.2;
				MTL_ENABLE_DEBUG_INFO = NO;
				MTL_FAST_MATH = YES;
				SDKROOT = iphoneos;
				SWIFT_COMPILATION_MODE = wholemodule;
				SWIFT_OPTIMIZATION_LEVEL = "-O";
				VALIDATE_PRODUCT = YES;
			};
			name = Release;
		};
		637F7F4B283A4D5500FD1420 /* Debug */ = {
			isa = XCBuildConfiguration;
			baseConfigurationReference = 20EAC6076E3169DE8C2F0B63 /* Pods-LoginRegister.debug.xcconfig */;
			buildSettings = {
				ASSETCATALOG_COMPILER_APPICON_NAME = AppIcon;
				ASSETCATALOG_COMPILER_GLOBAL_ACCENT_COLOR_NAME = AccentColor;
				CODE_SIGN_STYLE = Automatic;
				CURRENT_PROJECT_VERSION = 1;
				DEVELOPMENT_TEAM = YW89A2JD7V;
				GENERATE_INFOPLIST_FILE = YES;
				INFOPLIST_FILE = LoginRegister/Resources/Info.plist;
				INFOPLIST_KEY_UIApplicationSupportsIndirectInputEvents = YES;
				INFOPLIST_KEY_UILaunchStoryboardName = LaunchScreen;
				INFOPLIST_KEY_UISupportedInterfaceOrientations_iPad = "UIInterfaceOrientationPortrait UIInterfaceOrientationPortraitUpsideDown UIInterfaceOrientationLandscapeLeft UIInterfaceOrientationLandscapeRight";
				INFOPLIST_KEY_UISupportedInterfaceOrientations_iPhone = "UIInterfaceOrientationPortrait UIInterfaceOrientationLandscapeLeft UIInterfaceOrientationLandscapeRight";
				LD_RUNPATH_SEARCH_PATHS = (
					"$(inherited)",
					"@executable_path/Frameworks",
				);
				MARKETING_VERSION = 1.0;
				PRODUCT_BUNDLE_IDENTIFIER = com.ugurhmz.LoginRegister;
				PRODUCT_NAME = "$(TARGET_NAME)";
				SWIFT_EMIT_LOC_STRINGS = YES;
				SWIFT_VERSION = 5.0;
				TARGETED_DEVICE_FAMILY = "1,2";
			};
			name = Debug;
		};
		637F7F4C283A4D5500FD1420 /* Release */ = {
			isa = XCBuildConfiguration;
			baseConfigurationReference = FFBF10C40265B5946AC6DEA3 /* Pods-LoginRegister.release.xcconfig */;
			buildSettings = {
				ASSETCATALOG_COMPILER_APPICON_NAME = AppIcon;
				ASSETCATALOG_COMPILER_GLOBAL_ACCENT_COLOR_NAME = AccentColor;
				CODE_SIGN_STYLE = Automatic;
				CURRENT_PROJECT_VERSION = 1;
				DEVELOPMENT_TEAM = YW89A2JD7V;
				GENERATE_INFOPLIST_FILE = YES;
				INFOPLIST_FILE = LoginRegister/Resources/Info.plist;
				INFOPLIST_KEY_UIApplicationSupportsIndirectInputEvents = YES;
				INFOPLIST_KEY_UILaunchStoryboardName = LaunchScreen;
				INFOPLIST_KEY_UISupportedInterfaceOrientations_iPad = "UIInterfaceOrientationPortrait UIInterfaceOrientationPortraitUpsideDown UIInterfaceOrientationLandscapeLeft UIInterfaceOrientationLandscapeRight";
				INFOPLIST_KEY_UISupportedInterfaceOrientations_iPhone = "UIInterfaceOrientationPortrait UIInterfaceOrientationLandscapeLeft UIInterfaceOrientationLandscapeRight";
				LD_RUNPATH_SEARCH_PATHS = (
					"$(inherited)",
					"@executable_path/Frameworks",
				);
				MARKETING_VERSION = 1.0;
				PRODUCT_BUNDLE_IDENTIFIER = com.ugurhmz.LoginRegister;
				PRODUCT_NAME = "$(TARGET_NAME)";
				SWIFT_EMIT_LOC_STRINGS = YES;
				SWIFT_VERSION = 5.0;
				TARGETED_DEVICE_FAMILY = "1,2";
			};
			name = Release;
		};
/* End XCBuildConfiguration section */

/* Begin XCConfigurationList section */
		637F7F31283A4D5500FD1420 /* Build configuration list for PBXProject "LoginRegister" */ = {
			isa = XCConfigurationList;
			buildConfigurations = (
				637F7F48283A4D5500FD1420 /* Debug */,
				637F7F49283A4D5500FD1420 /* Release */,
			);
			defaultConfigurationIsVisible = 0;
			defaultConfigurationName = Release;
		};
		637F7F4A283A4D5500FD1420 /* Build configuration list for PBXNativeTarget "LoginRegister" */ = {
			isa = XCConfigurationList;
			buildConfigurations = (
				637F7F4B283A4D5500FD1420 /* Debug */,
				637F7F4C283A4D5500FD1420 /* Release */,
			);
			defaultConfigurationIsVisible = 0;
			defaultConfigurationName = Release;
		};
/* End XCConfigurationList section */
	};
	rootObject = 637F7F2E283A4D5500FD1420 /* Project object */;
}
